lockVersion: 2.0.0
id: c1ca526f-aa0e-4e69-8de4-80c2e3eaabd4
management:
  docChecksum: 9922bc49f897a6971cd384c3440969f1
  docVersion: "10"
  speakeasyVersion: 1.414.1
  generationVersion: 2.437.1
  releaseVersion: 1.3.0
  configChecksum: 856979a9afdde9789af3b09337cd42ac
  repoURL: https://github.com/speakeasy-sdks/api-summit-2024.git
  installationURL: https://github.com/speakeasy-sdks/api-summit-2024
  published: true
features:
  typescript:
    additionalDependencies: 0.1.0
    constsAndDefaults: 0.1.11
    core: 3.18.2
    defaultEnabledRetries: 0.1.0
    devContainers: 2.90.0
    envVarSecurityUsage: 0.1.1
    globalSecurity: 2.82.11
    globalSecurityCallbacks: 0.1.0
    globalSecurityFlattening: 0.1.0
    globalServerURLs: 2.82.4
    groups: 2.81.2
    nameOverrides: 2.81.2
    nullables: 0.1.0
    responseFormat: 0.2.3
    retries: 2.83.0
    sdkHooks: 0.1.0
    unions: 2.85.7
generatedFiles:
  - .devcontainer/README.md
  - .devcontainer/devcontainer.json
  - .devcontainer/setup.sh
  - .eslintrc.cjs
  - .gitattributes
  - .npmignore
  - CONTRIBUTING.md
  - FUNCTIONS.md
  - RUNTIMES.md
  - USAGE.md
  - docs/lib/utils/retryconfig.md
  - docs/models/components/actionrow.md
  - docs/models/components/actionrowcomponents.md
  - docs/models/components/applicationcommandinteractionmetadataresponse.md
  - docs/models/components/applicationintegrationtypeconfigurationresponse.md
  - docs/models/components/applicationoauth2installparamsresponse.md
  - docs/models/components/applicationresponse.md
  - docs/models/components/basecreatemessagecreaterequest.md
  - docs/models/components/basicapplicationresponse.md
  - docs/models/components/basicmessageresponse.md
  - docs/models/components/basicmessageresponsecomponents.md
  - docs/models/components/basicmessageresponseinteractionmetadata.md
  - docs/models/components/basicmessageresponsenonce.md
  - docs/models/components/basicmessageresponsestickers.md
  - docs/models/components/button.md
  - docs/models/components/bynweekdayresponse.md
  - docs/models/components/channelpermissionoverwriterequest.md
  - docs/models/components/channelpermissionoverwriteresponse.md
  - docs/models/components/channels.md
  - docs/models/components/channelselect.md
  - docs/models/components/channelselectdefaultvalue.md
  - docs/models/components/components.md
  - docs/models/components/createdthreadresponse.md
  - docs/models/components/createforumthreadrequest.md
  - docs/models/components/creategroupdminviterequest.md
  - docs/models/components/createguildinviterequest.md
  - docs/models/components/createtextthreadwithoutmessagerequest.md
  - docs/models/components/defaultreactionemojiresponse.md
  - docs/models/components/defaultvalues.md
  - docs/models/components/emoji.md
  - docs/models/components/errordetails.md
  - docs/models/components/errort.md
  - docs/models/components/forumtagresponse.md
  - docs/models/components/friendinviteresponse.md
  - docs/models/components/groupdminviteresponse.md
  - docs/models/components/guildchannelresponse.md
  - docs/models/components/guildinviteresponse.md
  - docs/models/components/guildmemberresponse.md
  - docs/models/components/guildproductpurchaseresponse.md
  - docs/models/components/guildroleresponse.md
  - docs/models/components/guildroletagsresponse.md
  - docs/models/components/guildstickerresponse.md
  - docs/models/components/innererrors.md
  - docs/models/components/inputtext.md
  - docs/models/components/interactionmetadata.md
  - docs/models/components/inviteapplicationresponse.md
  - docs/models/components/invitechannelrecipientresponse.md
  - docs/models/components/invitechannelresponse.md
  - docs/models/components/inviteguildresponse.md
  - docs/models/components/invitestageinstanceresponse.md
  - docs/models/components/mentionableselect.md
  - docs/models/components/messageactivityresponse.md
  - docs/models/components/messageallowedmentionsrequest.md
  - docs/models/components/messageattachmentrequest.md
  - docs/models/components/messageattachmentresponse.md
  - docs/models/components/messagecallresponse.md
  - docs/models/components/messagecomponentactionrowresponse.md
  - docs/models/components/messagecomponentbuttonresponse.md
  - docs/models/components/messagecomponentchannelselectresponse.md
  - docs/models/components/messagecomponentemojiresponse.md
  - docs/models/components/messagecomponentinputtextresponse.md
  - docs/models/components/messagecomponentinteractionmetadataresponse.md
  - docs/models/components/messagecomponentmentionableselectresponse.md
  - docs/models/components/messagecomponentroleselectresponse.md
  - docs/models/components/messagecomponentstringselectresponse.md
  - docs/models/components/messagecomponentuserselectresponse.md
  - docs/models/components/messagecreaterequest.md
  - docs/models/components/messagecreaterequestnonce.md
  - docs/models/components/messageeditrequestpartial.md
  - docs/models/components/messageembedauthorresponse.md
  - docs/models/components/messageembedfieldresponse.md
  - docs/models/components/messageembedfooterresponse.md
  - docs/models/components/messageembedimageresponse.md
  - docs/models/components/messageembedproviderresponse.md
  - docs/models/components/messageembedresponse.md
  - docs/models/components/messageembedvideoresponse.md
  - docs/models/components/messageinteractionresponse.md
  - docs/models/components/messagementionchannelresponse.md
  - docs/models/components/messagereactioncountdetailsresponse.md
  - docs/models/components/messagereactionemojiresponse.md
  - docs/models/components/messagereactionresponse.md
  - docs/models/components/messagereferencerequest.md
  - docs/models/components/messagereferenceresponse.md
  - docs/models/components/messageresponse.md
  - docs/models/components/messageresponsecomponents.md
  - docs/models/components/messagerolesubscriptiondataresponse.md
  - docs/models/components/messagestickeritemresponse.md
  - docs/models/components/modalsubmitinteractionmetadataresponse.md
  - docs/models/components/nonce.md
  - docs/models/components/privatechannelrequestpartial.md
  - docs/models/components/privatechannelresponse.md
  - docs/models/components/privategroupchannelresponse.md
  - docs/models/components/purchasenotificationresponse.md
  - docs/models/components/recurrenceruleresponse.md
  - docs/models/components/resolvedobjectsresponse.md
  - docs/models/components/richembed.md
  - docs/models/components/richembedauthor.md
  - docs/models/components/richembedfield.md
  - docs/models/components/richembedfooter.md
  - docs/models/components/richembedimage.md
  - docs/models/components/richembedprovider.md
  - docs/models/components/richembedthumbnail.md
  - docs/models/components/richembedvideo.md
  - docs/models/components/roleselect.md
  - docs/models/components/roleselectdefaultvalue.md
  - docs/models/components/scheduledeventresponse.md
  - docs/models/components/scheduledeventuserresponse.md
  - docs/models/components/security.md
  - docs/models/components/selectoption.md
  - docs/models/components/selectoptionresponse.md
  - docs/models/components/standardstickerresponse.md
  - docs/models/components/stickers.md
  - docs/models/components/stringselect.md
  - docs/models/components/threadmemberresponse.md
  - docs/models/components/threadmetadataresponse.md
  - docs/models/components/threadresponse.md
  - docs/models/components/triggeringinteractionmetadata.md
  - docs/models/components/updatedefaultreactionemojirequest.md
  - docs/models/components/updateguildchannelrequestpartial.md
  - docs/models/components/updatethreadrequestpartial.md
  - docs/models/components/updatethreadtagrequest.md
  - docs/models/components/useravatardecorationresponse.md
  - docs/models/components/userresponse.md
  - docs/models/components/userselect.md
  - docs/models/components/userselectdefaultvalue.md
  - docs/models/errors/errorresponse.md
  - docs/models/operations/createchannelinviterequest.md
  - docs/models/operations/createchannelinviterequestbody.md
  - docs/models/operations/createchannelinviteresponsebody.md
  - docs/models/operations/createmessagerequest.md
  - docs/models/operations/createthreadrequest.md
  - docs/models/operations/createthreadrequestbody.md
  - docs/models/operations/deletechannelrequest.md
  - docs/models/operations/deletechannelresponsebody.md
  - docs/models/operations/deletemessagerequest.md
  - docs/models/operations/getchannelrequest.md
  - docs/models/operations/getchannelresponsebody.md
  - docs/models/operations/getmessagerequest.md
  - docs/models/operations/listchannelinvitesrequest.md
  - docs/models/operations/listmessagesrequest.md
  - docs/models/operations/responsebody.md
  - docs/models/operations/updatechannelrequest.md
  - docs/models/operations/updatechannelrequestbody.md
  - docs/models/operations/updatechannelresponsebody.md
  - docs/models/operations/updatemessagerequest.md
  - docs/sdks/channelinvites/README.md
  - docs/sdks/channels/README.md
  - docs/sdks/discord/README.md
  - docs/sdks/messages/README.md
  - docs/sdks/threads/README.md
  - jsr.json
  - package.json
  - src/core.ts
  - src/funcs/channelInvitesCreate.ts
  - src/funcs/channelInvitesList.ts
  - src/funcs/channelsDelete.ts
  - src/funcs/channelsGet.ts
  - src/funcs/channelsUpdate.ts
  - src/funcs/messagesCreate.ts
  - src/funcs/messagesDelete.ts
  - src/funcs/messagesGet.ts
  - src/funcs/messagesList.ts
  - src/funcs/messagesUpdate.ts
  - src/funcs/threadsCreate.ts
  - src/hooks/hooks.ts
  - src/hooks/index.ts
  - src/hooks/types.ts
  - src/index.ts
  - src/lib/base64.ts
  - src/lib/config.ts
  - src/lib/dlv.ts
  - src/lib/encodings.ts
  - src/lib/files.ts
  - src/lib/http.ts
  - src/lib/is-plain-object.ts
  - src/lib/logger.ts
  - src/lib/matchers.ts
  - src/lib/primitives.ts
  - src/lib/retries.ts
  - src/lib/schemas.ts
  - src/lib/sdks.ts
  - src/lib/security.ts
  - src/lib/url.ts
  - src/models/components/actionrow.ts
  - src/models/components/applicationcommandinteractionmetadataresponse.ts
  - src/models/components/applicationintegrationtypeconfigurationresponse.ts
  - src/models/components/applicationoauth2installparamsresponse.ts
  - src/models/components/applicationresponse.ts
  - src/models/components/basecreatemessagecreaterequest.ts
  - src/models/components/basicapplicationresponse.ts
  - src/models/components/basicmessageresponse.ts
  - src/models/components/button.ts
  - src/models/components/bynweekdayresponse.ts
  - src/models/components/channelpermissionoverwriterequest.ts
  - src/models/components/channelpermissionoverwriteresponse.ts
  - src/models/components/channelselect.ts
  - src/models/components/channelselectdefaultvalue.ts
  - src/models/components/createdthreadresponse.ts
  - src/models/components/createforumthreadrequest.ts
  - src/models/components/creategroupdminviterequest.ts
  - src/models/components/createguildinviterequest.ts
  - src/models/components/createtextthreadwithoutmessagerequest.ts
  - src/models/components/defaultreactionemojiresponse.ts
  - src/models/components/emoji.ts
  - src/models/components/error.ts
  - src/models/components/errordetails.ts
  - src/models/components/forumtagresponse.ts
  - src/models/components/friendinviteresponse.ts
  - src/models/components/groupdminviteresponse.ts
  - src/models/components/guildchannelresponse.ts
  - src/models/components/guildinviteresponse.ts
  - src/models/components/guildmemberresponse.ts
  - src/models/components/guildproductpurchaseresponse.ts
  - src/models/components/guildroleresponse.ts
  - src/models/components/guildroletagsresponse.ts
  - src/models/components/guildstickerresponse.ts
  - src/models/components/index.ts
  - src/models/components/innererrors.ts
  - src/models/components/inputtext.ts
  - src/models/components/inviteapplicationresponse.ts
  - src/models/components/invitechannelrecipientresponse.ts
  - src/models/components/invitechannelresponse.ts
  - src/models/components/inviteguildresponse.ts
  - src/models/components/invitestageinstanceresponse.ts
  - src/models/components/mentionableselect.ts
  - src/models/components/messageactivityresponse.ts
  - src/models/components/messageallowedmentionsrequest.ts
  - src/models/components/messageattachmentrequest.ts
  - src/models/components/messageattachmentresponse.ts
  - src/models/components/messagecallresponse.ts
  - src/models/components/messagecomponentactionrowresponse.ts
  - src/models/components/messagecomponentbuttonresponse.ts
  - src/models/components/messagecomponentchannelselectresponse.ts
  - src/models/components/messagecomponentemojiresponse.ts
  - src/models/components/messagecomponentinputtextresponse.ts
  - src/models/components/messagecomponentinteractionmetadataresponse.ts
  - src/models/components/messagecomponentmentionableselectresponse.ts
  - src/models/components/messagecomponentroleselectresponse.ts
  - src/models/components/messagecomponentstringselectresponse.ts
  - src/models/components/messagecomponentuserselectresponse.ts
  - src/models/components/messagecreaterequest.ts
  - src/models/components/messageeditrequestpartial.ts
  - src/models/components/messageembedauthorresponse.ts
  - src/models/components/messageembedfieldresponse.ts
  - src/models/components/messageembedfooterresponse.ts
  - src/models/components/messageembedimageresponse.ts
  - src/models/components/messageembedproviderresponse.ts
  - src/models/components/messageembedresponse.ts
  - src/models/components/messageembedvideoresponse.ts
  - src/models/components/messageinteractionresponse.ts
  - src/models/components/messagementionchannelresponse.ts
  - src/models/components/messagereactioncountdetailsresponse.ts
  - src/models/components/messagereactionemojiresponse.ts
  - src/models/components/messagereactionresponse.ts
  - src/models/components/messagereferencerequest.ts
  - src/models/components/messagereferenceresponse.ts
  - src/models/components/messageresponse.ts
  - src/models/components/messagerolesubscriptiondataresponse.ts
  - src/models/components/messagestickeritemresponse.ts
  - src/models/components/modalsubmitinteractionmetadataresponse.ts
  - src/models/components/privatechannelrequestpartial.ts
  - src/models/components/privatechannelresponse.ts
  - src/models/components/privategroupchannelresponse.ts
  - src/models/components/purchasenotificationresponse.ts
  - src/models/components/recurrenceruleresponse.ts
  - src/models/components/resolvedobjectsresponse.ts
  - src/models/components/richembed.ts
  - src/models/components/richembedauthor.ts
  - src/models/components/richembedfield.ts
  - src/models/components/richembedfooter.ts
  - src/models/components/richembedimage.ts
  - src/models/components/richembedprovider.ts
  - src/models/components/richembedthumbnail.ts
  - src/models/components/richembedvideo.ts
  - src/models/components/roleselect.ts
  - src/models/components/roleselectdefaultvalue.ts
  - src/models/components/scheduledeventresponse.ts
  - src/models/components/scheduledeventuserresponse.ts
  - src/models/components/security.ts
  - src/models/components/selectoption.ts
  - src/models/components/selectoptionresponse.ts
  - src/models/components/standardstickerresponse.ts
  - src/models/components/stringselect.ts
  - src/models/components/threadmemberresponse.ts
  - src/models/components/threadmetadataresponse.ts
  - src/models/components/threadresponse.ts
  - src/models/components/updatedefaultreactionemojirequest.ts
  - src/models/components/updateguildchannelrequestpartial.ts
  - src/models/components/updatethreadrequestpartial.ts
  - src/models/components/updatethreadtagrequest.ts
  - src/models/components/useravatardecorationresponse.ts
  - src/models/components/userresponse.ts
  - src/models/components/userselect.ts
  - src/models/components/userselectdefaultvalue.ts
  - src/models/errors/errorresponse.ts
  - src/models/errors/httpclienterrors.ts
  - src/models/errors/index.ts
  - src/models/errors/sdkerror.ts
  - src/models/errors/sdkvalidationerror.ts
  - src/models/operations/createchannelinvite.ts
  - src/models/operations/createmessage.ts
  - src/models/operations/createthread.ts
  - src/models/operations/deletechannel.ts
  - src/models/operations/deletemessage.ts
  - src/models/operations/getchannel.ts
  - src/models/operations/getmessage.ts
  - src/models/operations/index.ts
  - src/models/operations/listchannelinvites.ts
  - src/models/operations/listmessages.ts
  - src/models/operations/updatechannel.ts
  - src/models/operations/updatemessage.ts
  - src/sdk/channelinvites.ts
  - src/sdk/channels.ts
  - src/sdk/index.ts
  - src/sdk/messages.ts
  - src/sdk/sdk.ts
  - src/sdk/threads.ts
  - src/types/blobs.ts
  - src/types/constdatetime.ts
  - src/types/enums.ts
  - src/types/fp.ts
  - src/types/index.ts
  - src/types/operations.ts
  - src/types/rfcdate.ts
  - src/types/streams.ts
  - tsconfig.json
examples:
  get_message:
    speakeasy-default-get-message:
      parameters:
        path:
          channel_id: "<value>"
          message_id: "<value>"
      responses:
        "200":
          application/json: {"content": "<value>", "mentions": [{"id": "<value>", "username": "Keeley_Lebsack", "discriminator": "<value>", "public_flags": 262795, "flags": 213457}, {"id": "<value>", "username": "Tressa.Schmitt21", "discriminator": "<value>", "public_flags": 94589, "flags": 552582}], "mention_roles": ["<value>", "<value>", "<value>"], "attachments": [{"id": "<value>", "filename": "example.file", "size": 746585, "url": "https://nervous-fedora.biz", "proxy_url": "https://excited-scaffold.biz/"}], "embeds": [{"type": "<value>"}, {"type": "<value>"}], "timestamp": "2024-04-26T05:27:06.241Z", "flags": 710500, "components": [{"id": 32069, "custom_id": "<id>"}, {"id": 444836, "custom_id": "<id>"}, {"id": 132944, "custom_id": "<id>"}], "id": "<value>", "channel_id": "<value>", "author": {"id": "<value>", "username": "Carmine_Brekke", "discriminator": "<value>", "public_flags": 292871, "flags": 729178}, "pinned": false, "mention_everyone": true, "tts": true}
        4XX:
          application/json: {"code": 91052, "message": "<value>"}
  delete_message:
    speakeasy-default-delete-message:
      parameters:
        path:
          channel_id: "<value>"
          message_id: "<value>"
      responses:
        4XX:
          application/json: {"code": 545907, "message": "<value>"}
  update_message:
    speakeasy-default-update-message:
      parameters:
        path:
          channel_id: "<value>"
          message_id: "<value>"
      responses:
        "200":
          application/json: {"content": "<value>", "mentions": [{"id": "<value>", "username": "Lavern48", "discriminator": "<value>", "public_flags": 54062, "flags": 896501}, {"id": "<value>", "username": "Isac78", "discriminator": "<value>", "public_flags": 302461, "flags": 464385}, {"id": "<value>", "username": "Olen75", "discriminator": "<value>", "public_flags": 439152, "flags": 501135}], "mention_roles": [], "attachments": [], "embeds": [{"type": "<value>"}], "timestamp": "2024-06-22T20:20:38.468Z", "flags": 834574, "components": [{"id": 519881, "custom_id": "<id>"}, {"id": 549807, "custom_id": "<id>"}, {"id": 514361, "custom_id": "<id>"}], "id": "<value>", "channel_id": "<value>", "author": {"id": "<value>", "username": "Porter.Corwin65", "discriminator": "<value>", "public_flags": 609050, "flags": 3515}, "pinned": true, "mention_everyone": true, "tts": false}
        4XX:
          application/json: {"code": 337902, "message": "<value>"}
  list_messages:
    speakeasy-default-list-messages:
      parameters:
        path:
          channel_id: "<value>"
        query: {}
      responses:
        "200":
          application/json: [{"content": "<value>", "mentions": [{"id": "<value>", "username": "Marie.Fay", "discriminator": "<value>", "public_flags": 17577, "flags": 718303}, {"id": "<value>", "username": "Aryanna_Pfeffer63", "discriminator": "<value>", "public_flags": 54607, "flags": 367745}], "mention_roles": ["<value>"], "attachments": [], "embeds": [{"type": "<value>"}, {"type": "<value>"}, {"type": "<value>"}], "timestamp": "2023-09-14T22:04:07.138Z", "flags": 876407, "components": [{"id": 322596}], "id": "<value>", "channel_id": "<value>", "author": {"id": "<value>", "username": "Sabrina.Treutel91", "discriminator": "<value>", "public_flags": 75058, "flags": 897069}, "pinned": true, "mention_everyone": true, "tts": true}, {"content": "<value>", "mentions": [{"id": "<value>", "username": "Jayde41", "discriminator": "<value>", "public_flags": 307390, "flags": 392057}], "mention_roles": [], "attachments": [], "embeds": [{"type": "<value>"}, {"type": "<value>"}, {"type": "<value>"}], "timestamp": "2022-02-06T19:44:52.353Z", "flags": 628106, "components": [{"id": 84189, "custom_id": "<id>"}, {"id": 567701, "custom_id": "<id>"}, {"id": 816637, "custom_id": "<id>"}], "id": "<value>", "channel_id": "<value>", "author": {"id": "<value>", "username": "Zelma83", "discriminator": "<value>", "public_flags": 141764, "flags": 664080}, "pinned": true, "mention_everyone": false, "tts": false}, {"content": "<value>", "mentions": [], "mention_roles": [], "attachments": [{"id": "<value>", "filename": "example.file", "size": 993305, "url": "https://far-flung-fen.com", "proxy_url": "https://junior-accompanist.net"}], "embeds": [{"type": "<value>"}, {"type": "<value>"}, {"type": "<value>"}], "timestamp": "2024-05-02T01:42:40.060Z", "flags": 505778, "components": [{"id": 20615, "custom_id": "<id>"}, {"id": 993677, "custom_id": "<id>"}, {"id": 767950, "custom_id": "<id>"}], "id": "<value>", "channel_id": "<value>", "author": {"id": "<value>", "username": "Guy_OHara", "discriminator": "<value>", "public_flags": 41398, "flags": 829409}, "pinned": true, "mention_everyone": true, "tts": true}]
        4XX:
          application/json: {"code": 117386, "message": "<value>"}
  create_message:
    speakeasy-default-create-message:
      parameters:
        path:
          channel_id: "<value>"
      responses:
        "200":
          application/json: {"content": "<value>", "mentions": [{"id": "<value>", "username": "Loyal79", "discriminator": "<value>", "public_flags": 86, "flags": 169727}], "mention_roles": [], "attachments": [{"id": "<value>", "filename": "example.file", "size": 816588, "url": "https://sleepy-vein.info", "proxy_url": "https://agile-defendant.biz/"}, {"id": "<value>", "filename": "example.file", "size": 64738, "url": "https://dependent-bench.com/", "proxy_url": "https://gripping-analogy.name"}, {"id": "<value>", "filename": "example.file", "size": 650237, "url": "https://aggravating-lid.com/", "proxy_url": "https://nervous-testing.info"}], "embeds": [{"type": "<value>"}], "timestamp": "2022-10-12T17:02:32.250Z", "flags": 782367, "components": [], "id": "<value>", "channel_id": "<value>", "author": {"id": "<value>", "username": "Mazie_Sauer", "discriminator": "<value>", "public_flags": 427887, "flags": 588497}, "pinned": true, "mention_everyone": true, "tts": true}
        4XX:
          application/json: {"code": 325463, "message": "<value>"}
  list_channel_invites:
    speakeasy-default-list-channel-invites:
      parameters:
        path:
          channel_id: "<value>"
      responses:
        "200":
          application/json: [{"code": "<value>"}, {"code": "<value>"}, {"code": "<value>"}]
        4XX:
          application/json: {"code": 229716, "message": "<value>"}
  create_channel_invite:
    speakeasy-default-create-channel-invite:
      parameters:
        path:
          channel_id: "<value>"
      responses:
        "200":
          application/json: {"code": "<value>"}
        4XX:
          application/json: {"code": 417458, "message": "<value>"}
  create_thread:
    speakeasy-default-create-thread:
      parameters:
        path:
          channel_id: "<value>"
      requestBody:
        application/json: {"name": "<value>"}
      responses:
        "201":
          application/json: {"id": "<value>", "flags": 638424, "guild_id": "<value>", "name": "<value>", "owner_id": "<value>", "message_count": 417458, "member_count": 134365, "total_message_sent": 69025}
        4XX:
          application/json: {"code": 796474, "message": "<value>"}
  get_channel:
    speakeasy-default-get-channel:
      parameters:
        path:
          channel_id: "<value>"
      responses:
        "200":
          application/json: {"id": "<value>", "flags": 558834, "recipients": [{"id": "<value>", "username": "Jovanny21", "discriminator": "<value>", "public_flags": 438142, "flags": 801373}, {"id": "<value>", "username": "Arielle55", "discriminator": "<value>", "public_flags": 380699, "flags": 746585}]}
        4XX:
          application/json: {"code": 608535, "message": "<value>"}
  delete_channel:
    speakeasy-default-delete-channel:
      parameters:
        path:
          channel_id: "<value>"
      responses:
        "200":
          application/json: {"id": "<value>", "flags": 698486, "recipients": [{"id": "<value>", "username": "Vaughn.Moen", "discriminator": "<value>", "public_flags": 2184, "flags": 690193}]}
        4XX:
          application/json: {"code": 87361, "message": "<value>"}
  update_channel:
    speakeasy-default-update-channel:
      parameters:
        path:
          channel_id: "<value>"
      responses:
        "200":
          application/json: {"id": "<value>", "flags": 344620, "recipients": [{"id": "<value>", "username": "Lizzie.Wyman", "discriminator": "<value>", "public_flags": 311507, "flags": 249440}, {"id": "<value>", "username": "Brody46", "discriminator": "<value>", "public_flags": 693508, "flags": 404265}, {"id": "<value>", "username": "Alexys.Schroeder50", "discriminator": "<value>", "public_flags": 232374, "flags": 352933}]}
        4XX:
          application/json: {"code": 824679, "message": "<value>"}
