lockVersion: 2.0.0
id: c1ca526f-aa0e-4e69-8de4-80c2e3eaabd4
management:
  docChecksum: 9922bc49f897a6971cd384c3440969f1
  docVersion: "10"
  speakeasyVersion: 1.369.0
  generationVersion: 2.399.0
  releaseVersion: 0.1.0
  configChecksum: af2295a418df7f56ac45e93cd0fee393
features:
  typescript:
    additionalDependencies: 0.1.0
    constsAndDefaults: 0.1.8
    core: 3.13.2
    defaultEnabledRetries: 0.1.0
    devContainers: 2.90.0
    envVarSecurityUsage: 0.1.1
    globalSecurity: 2.82.11
    globalSecurityCallbacks: 0.1.0
    globalSecurityFlattening: 0.1.0
    globalServerURLs: 2.82.4
    groups: 2.81.2
    nameOverrides: 2.81.2
    nullables: 0.1.0
    responseFormat: 0.2.3
    retries: 2.83.0
    sdkHooks: 0.1.0
    unions: 2.85.7
generatedFiles:
  - src/funcs/messagesGet.ts
  - src/funcs/messagesDelete.ts
  - src/funcs/messagesUpdate.ts
  - src/funcs/messagesList.ts
  - src/funcs/messagesCreate.ts
  - src/funcs/channelInvitesList.ts
  - src/funcs/channelInvitesCreate.ts
  - src/funcs/threadsCreate.ts
  - src/funcs/channelsGet.ts
  - src/funcs/channelsDelete.ts
  - src/funcs/channelsUpdate.ts
  - src/sdk/messages.ts
  - src/sdk/channelinvites.ts
  - src/sdk/threads.ts
  - src/sdk/channels.ts
  - src/sdk/sdk.ts
  - .eslintrc.cjs
  - .npmignore
  - FUNCTIONS.md
  - RUNTIMES.md
  - jsr.json
  - package.json
  - src/core.ts
  - src/index.ts
  - src/lib/base64.ts
  - src/lib/config.ts
  - src/lib/dlv.ts
  - src/lib/encodings.ts
  - src/lib/http.ts
  - src/lib/is-plain-object.ts
  - src/lib/logger.ts
  - src/lib/matchers.ts
  - src/lib/primitives.ts
  - src/lib/retries.ts
  - src/lib/schemas.ts
  - src/lib/sdks.ts
  - src/lib/security.ts
  - src/lib/url.ts
  - src/sdk/index.ts
  - src/models/errors/httpclienterrors.ts
  - src/models/errors/sdkerror.ts
  - src/models/errors/sdkvalidationerror.ts
  - src/types/blobs.ts
  - src/types/constdatetime.ts
  - src/types/enums.ts
  - src/types/fp.ts
  - src/types/index.ts
  - src/types/operations.ts
  - src/types/rfcdate.ts
  - tsconfig.json
  - src/models/components/messageresponse.ts
  - src/models/components/basicmessageresponse.ts
  - src/models/components/applicationcommandinteractionmetadataresponse.ts
  - src/models/components/userresponse.ts
  - src/models/components/messagecomponentinteractionmetadataresponse.ts
  - src/models/components/modalsubmitinteractionmetadataresponse.ts
  - src/models/components/purchasenotificationresponse.ts
  - src/models/components/guildproductpurchaseresponse.ts
  - src/models/components/messagerolesubscriptiondataresponse.ts
  - src/models/components/messagementionchannelresponse.ts
  - src/models/components/threadresponse.ts
  - src/models/components/threadmemberresponse.ts
  - src/models/components/guildmemberresponse.ts
  - src/models/components/useravatardecorationresponse.ts
  - src/models/components/threadmetadataresponse.ts
  - src/models/components/messagereferenceresponse.ts
  - src/models/components/messageinteractionresponse.ts
  - src/models/components/basicapplicationresponse.ts
  - src/models/components/messageactivityresponse.ts
  - src/models/components/messagecallresponse.ts
  - src/models/components/messagestickeritemresponse.ts
  - src/models/components/guildstickerresponse.ts
  - src/models/components/standardstickerresponse.ts
  - src/models/components/resolvedobjectsresponse.ts
  - src/models/components/guildroleresponse.ts
  - src/models/components/guildroletagsresponse.ts
  - src/models/components/guildchannelresponse.ts
  - src/models/components/defaultreactionemojiresponse.ts
  - src/models/components/forumtagresponse.ts
  - src/models/components/channelpermissionoverwriteresponse.ts
  - src/models/components/privatechannelresponse.ts
  - src/models/components/privategroupchannelresponse.ts
  - src/models/components/messagecomponentactionrowresponse.ts
  - src/models/components/messagecomponentbuttonresponse.ts
  - src/models/components/messagecomponentemojiresponse.ts
  - src/models/components/messagecomponentchannelselectresponse.ts
  - src/models/components/messagecomponentinputtextresponse.ts
  - src/models/components/messagecomponentmentionableselectresponse.ts
  - src/models/components/messagecomponentroleselectresponse.ts
  - src/models/components/messagecomponentstringselectresponse.ts
  - src/models/components/selectoptionresponse.ts
  - src/models/components/messagecomponentuserselectresponse.ts
  - src/models/components/messageembedresponse.ts
  - src/models/components/messageembedfooterresponse.ts
  - src/models/components/messageembedvideoresponse.ts
  - src/models/components/messageembedimageresponse.ts
  - src/models/components/messageembedproviderresponse.ts
  - src/models/components/messageembedauthorresponse.ts
  - src/models/components/messageembedfieldresponse.ts
  - src/models/components/messageattachmentresponse.ts
  - src/models/components/applicationresponse.ts
  - src/models/components/applicationintegrationtypeconfigurationresponse.ts
  - src/models/components/applicationoauth2installparamsresponse.ts
  - src/models/components/messagereactionresponse.ts
  - src/models/components/messagereactioncountdetailsresponse.ts
  - src/models/components/messagereactionemojiresponse.ts
  - src/models/components/errordetails.ts
  - src/models/components/innererrors.ts
  - src/models/components/error.ts
  - src/models/components/messageeditrequestpartial.ts
  - src/models/components/messageattachmentrequest.ts
  - src/models/components/actionrow.ts
  - src/models/components/button.ts
  - src/models/components/emoji.ts
  - src/models/components/channelselect.ts
  - src/models/components/channelselectdefaultvalue.ts
  - src/models/components/inputtext.ts
  - src/models/components/mentionableselect.ts
  - src/models/components/roleselectdefaultvalue.ts
  - src/models/components/userselectdefaultvalue.ts
  - src/models/components/roleselect.ts
  - src/models/components/stringselect.ts
  - src/models/components/selectoption.ts
  - src/models/components/userselect.ts
  - src/models/components/messageallowedmentionsrequest.ts
  - src/models/components/richembed.ts
  - src/models/components/richembedvideo.ts
  - src/models/components/richembedprovider.ts
  - src/models/components/richembedfield.ts
  - src/models/components/richembedfooter.ts
  - src/models/components/richembedthumbnail.ts
  - src/models/components/richembedimage.ts
  - src/models/components/richembedauthor.ts
  - src/models/components/messagecreaterequest.ts
  - src/models/components/messagereferencerequest.ts
  - src/models/components/friendinviteresponse.ts
  - src/models/components/invitechannelresponse.ts
  - src/models/components/invitechannelrecipientresponse.ts
  - src/models/components/groupdminviteresponse.ts
  - src/models/components/guildinviteresponse.ts
  - src/models/components/scheduledeventresponse.ts
  - src/models/components/scheduledeventuserresponse.ts
  - src/models/components/recurrenceruleresponse.ts
  - src/models/components/bynweekdayresponse.ts
  - src/models/components/inviteapplicationresponse.ts
  - src/models/components/invitestageinstanceresponse.ts
  - src/models/components/inviteguildresponse.ts
  - src/models/components/creategroupdminviterequest.ts
  - src/models/components/createguildinviterequest.ts
  - src/models/components/createdthreadresponse.ts
  - src/models/components/createforumthreadrequest.ts
  - src/models/components/basecreatemessagecreaterequest.ts
  - src/models/components/createtextthreadwithoutmessagerequest.ts
  - src/models/components/privatechannelrequestpartial.ts
  - src/models/components/updateguildchannelrequestpartial.ts
  - src/models/components/updatethreadtagrequest.ts
  - src/models/components/updatedefaultreactionemojirequest.ts
  - src/models/components/channelpermissionoverwriterequest.ts
  - src/models/components/updatethreadrequestpartial.ts
  - src/models/components/security.ts
  - src/models/errors/errorresponse.ts
  - src/models/operations/getmessage.ts
  - src/models/operations/deletemessage.ts
  - src/models/operations/updatemessage.ts
  - src/models/operations/listmessages.ts
  - src/models/operations/createmessage.ts
  - src/models/operations/listchannelinvites.ts
  - src/models/operations/createchannelinvite.ts
  - src/models/operations/createthread.ts
  - src/models/operations/getchannel.ts
  - src/models/operations/deletechannel.ts
  - src/models/operations/updatechannel.ts
  - src/models/errors/index.ts
  - src/models/components/index.ts
  - src/models/operations/index.ts
  - docs/models/components/messageresponsecomponents.md
  - docs/models/components/stickers.md
  - docs/models/components/nonce.md
  - docs/models/components/interactionmetadata.md
  - docs/models/components/messageresponse.md
  - docs/models/components/basicmessageresponsecomponents.md
  - docs/models/components/basicmessageresponsestickers.md
  - docs/models/components/basicmessageresponsenonce.md
  - docs/models/components/basicmessageresponseinteractionmetadata.md
  - docs/models/components/basicmessageresponse.md
  - docs/models/components/applicationcommandinteractionmetadataresponse.md
  - docs/models/components/userresponse.md
  - docs/models/components/messagecomponentinteractionmetadataresponse.md
  - docs/models/components/triggeringinteractionmetadata.md
  - docs/models/components/modalsubmitinteractionmetadataresponse.md
  - docs/models/components/purchasenotificationresponse.md
  - docs/models/components/guildproductpurchaseresponse.md
  - docs/models/components/messagerolesubscriptiondataresponse.md
  - docs/models/components/messagementionchannelresponse.md
  - docs/models/components/threadresponse.md
  - docs/models/components/threadmemberresponse.md
  - docs/models/components/guildmemberresponse.md
  - docs/models/components/useravatardecorationresponse.md
  - docs/models/components/threadmetadataresponse.md
  - docs/models/components/messagereferenceresponse.md
  - docs/models/components/messageinteractionresponse.md
  - docs/models/components/basicapplicationresponse.md
  - docs/models/components/messageactivityresponse.md
  - docs/models/components/messagecallresponse.md
  - docs/models/components/messagestickeritemresponse.md
  - docs/models/components/guildstickerresponse.md
  - docs/models/components/standardstickerresponse.md
  - docs/models/components/channels.md
  - docs/models/components/resolvedobjectsresponse.md
  - docs/models/components/guildroleresponse.md
  - docs/models/components/guildroletagsresponse.md
  - docs/models/components/guildchannelresponse.md
  - docs/models/components/defaultreactionemojiresponse.md
  - docs/models/components/forumtagresponse.md
  - docs/models/components/channelpermissionoverwriteresponse.md
  - docs/models/components/privatechannelresponse.md
  - docs/models/components/privategroupchannelresponse.md
  - docs/models/components/components.md
  - docs/models/components/messagecomponentactionrowresponse.md
  - docs/models/components/messagecomponentbuttonresponse.md
  - docs/models/components/messagecomponentemojiresponse.md
  - docs/models/components/messagecomponentchannelselectresponse.md
  - docs/models/components/messagecomponentinputtextresponse.md
  - docs/models/components/messagecomponentmentionableselectresponse.md
  - docs/models/components/messagecomponentroleselectresponse.md
  - docs/models/components/messagecomponentstringselectresponse.md
  - docs/models/components/selectoptionresponse.md
  - docs/models/components/messagecomponentuserselectresponse.md
  - docs/models/components/messageembedresponse.md
  - docs/models/components/messageembedfooterresponse.md
  - docs/models/components/messageembedvideoresponse.md
  - docs/models/components/messageembedimageresponse.md
  - docs/models/components/messageembedproviderresponse.md
  - docs/models/components/messageembedauthorresponse.md
  - docs/models/components/messageembedfieldresponse.md
  - docs/models/components/messageattachmentresponse.md
  - docs/models/components/applicationresponse.md
  - docs/models/components/applicationintegrationtypeconfigurationresponse.md
  - docs/models/components/applicationoauth2installparamsresponse.md
  - docs/models/components/messagereactionresponse.md
  - docs/models/components/messagereactioncountdetailsresponse.md
  - docs/models/components/messagereactionemojiresponse.md
  - docs/models/components/errordetails.md
  - docs/models/components/innererrors.md
  - docs/models/components/errort.md
  - docs/models/components/messageeditrequestpartial.md
  - docs/models/components/messageattachmentrequest.md
  - docs/models/components/actionrowcomponents.md
  - docs/models/components/actionrow.md
  - docs/models/components/button.md
  - docs/models/components/emoji.md
  - docs/models/components/channelselect.md
  - docs/models/components/channelselectdefaultvalue.md
  - docs/models/components/inputtext.md
  - docs/models/components/defaultvalues.md
  - docs/models/components/mentionableselect.md
  - docs/models/components/roleselectdefaultvalue.md
  - docs/models/components/userselectdefaultvalue.md
  - docs/models/components/roleselect.md
  - docs/models/components/stringselect.md
  - docs/models/components/selectoption.md
  - docs/models/components/userselect.md
  - docs/models/components/messageallowedmentionsrequest.md
  - docs/models/components/richembed.md
  - docs/models/components/richembedvideo.md
  - docs/models/components/richembedprovider.md
  - docs/models/components/richembedfield.md
  - docs/models/components/richembedfooter.md
  - docs/models/components/richembedthumbnail.md
  - docs/models/components/richembedimage.md
  - docs/models/components/richembedauthor.md
  - docs/models/components/messagecreaterequestnonce.md
  - docs/models/components/messagecreaterequest.md
  - docs/models/components/messagereferencerequest.md
  - docs/models/components/friendinviteresponse.md
  - docs/models/components/invitechannelresponse.md
  - docs/models/components/invitechannelrecipientresponse.md
  - docs/models/components/groupdminviteresponse.md
  - docs/models/components/guildinviteresponse.md
  - docs/models/components/scheduledeventresponse.md
  - docs/models/components/scheduledeventuserresponse.md
  - docs/models/components/recurrenceruleresponse.md
  - docs/models/components/bynweekdayresponse.md
  - docs/models/components/inviteapplicationresponse.md
  - docs/models/components/invitestageinstanceresponse.md
  - docs/models/components/inviteguildresponse.md
  - docs/models/components/creategroupdminviterequest.md
  - docs/models/components/createguildinviterequest.md
  - docs/models/components/createdthreadresponse.md
  - docs/models/components/createforumthreadrequest.md
  - docs/models/components/basecreatemessagecreaterequest.md
  - docs/models/components/createtextthreadwithoutmessagerequest.md
  - docs/models/components/privatechannelrequestpartial.md
  - docs/models/components/updateguildchannelrequestpartial.md
  - docs/models/components/updatethreadtagrequest.md
  - docs/models/components/updatedefaultreactionemojirequest.md
  - docs/models/components/channelpermissionoverwriterequest.md
  - docs/models/components/updatethreadrequestpartial.md
  - docs/models/components/security.md
  - docs/models/errors/errorresponse.md
  - docs/models/operations/getmessagerequest.md
  - docs/models/operations/deletemessagerequest.md
  - docs/models/operations/updatemessagerequest.md
  - docs/models/operations/listmessagesrequest.md
  - docs/models/operations/createmessagerequest.md
  - docs/models/operations/listchannelinvitesrequest.md
  - docs/models/operations/responsebody.md
  - docs/models/operations/createchannelinviterequestbody.md
  - docs/models/operations/createchannelinviterequest.md
  - docs/models/operations/createchannelinviteresponsebody.md
  - docs/models/operations/createthreadrequestbody.md
  - docs/models/operations/createthreadrequest.md
  - docs/models/operations/getchannelrequest.md
  - docs/models/operations/getchannelresponsebody.md
  - docs/models/operations/deletechannelrequest.md
  - docs/models/operations/deletechannelresponsebody.md
  - docs/models/operations/updatechannelrequestbody.md
  - docs/models/operations/updatechannelrequest.md
  - docs/models/operations/updatechannelresponsebody.md
  - docs/sdks/discord/README.md
  - docs/lib/utils/retryconfig.md
  - docs/sdks/messages/README.md
  - docs/sdks/channelinvites/README.md
  - docs/sdks/threads/README.md
  - docs/sdks/channels/README.md
  - USAGE.md
  - .gitattributes
  - .devcontainer/README.md
  - .devcontainer/devcontainer.json
  - .devcontainer/setup.sh
  - src/hooks/hooks.ts
  - src/hooks/types.ts
  - src/hooks/index.ts
  - CONTRIBUTING.md
